
Microsoft Visual Studio Solution File, Format Version 12.00
# Visual Studio Version 17
VisualStudioVersion = 17.4.33205.214
MinimumVisualStudioVersion = 10.0.40219.1
Project("{FAE04EC0-301F-11D3-BF4B-00C04F79EFBC}") = "labyrinth", "labyrinth\labyrinth.csproj", "{5D3A68D3-A655-43DA-B17A-51CEA5B317CC}"
EndProject
Global
	GlobalSection(SolutionConfigurationPlatforms) = preSolution
		Debug|Any CPU = Debug|Any CPU
		Release|Any CPU = Release|Any CPU
	EndGlobalSection
	GlobalSection(ProjectConfigurationPlatforms) = postSolution
		{5D3A68D3-A655-43DA-B17A-51CEA5B317CC}.Debug|Any CPU.ActiveCfg = Debug|Any CPU
		{5D3A68D3-A655-43DA-B17A-51CEA5B317CC}.Debug|Any CPU.Build.0 = Debug|Any CPU
		{5D3A68D3-A655-43DA-B17A-51CEA5B317CC}.Release|Any CPU.ActiveCfg = Release|Any CPU
		{5D3A68D3-A655-43DA-B17A-51CEA5B317CC}.Release|Any CPU.Build.0 = Release|Any CPU
	EndGlobalSection
	GlobalSection(SolutionProperties) = preSolution
		HideSolutionNode = FALSE
	EndGlobalSection
	GlobalSection(ExtensibilityGlobals) = postSolution
		SolutionGuid = {FC9CE1AD-257B-4DA7-B448-F232485B1F24}
	EndGlobalSection
EndGlobal
